{
  "originHash" : "6c124c0eef2b16cbeb0b65af0218a81aaea470f61b6383d5d39fc96270729101",
  "pins" : [
    {
      "identity" : "alamofire",
      "kind" : "remoteSourceControl",
      "location" : "https://github.com/Alamofire/Alamofire.git",
      "state" : {
        "revision" : "bda9ed57d72988a3a2ada33d824583541f86eac6",
        "version" : "5.12.2"
      }
    },
    {
      "identity" : "kakao-ios-sdk",
      "kind" : "remoteSourceControl",
      "location" : "https://github.com/kakao/kakao-ios-sdk",
      "state" : {
        "revision" : "8627646b7430bcadc5a2f726b21ea25db70cd189",
        "version" : "2.29.0"
      }
    },
    {
      "identity" : "naveridlogin-sdk-ios-swift",
      "kind" : "remoteSourceControl",
      "location" : "https://github.com/naver/naveridlogin-sdk-ios-swift",
      "state" : {
        "revision" : "70f0cecb996768b3f6df88ec72567e3c5dee1035",
        "version" : "5.2.1"
      }
    }
  ],
  "version" : 3
}
